
Microsoft Visual Studio Solution File, Format Version 12.00
# Visual Studio 15
VisualStudioVersion = 15.0.26430.13
MinimumVisualStudioVersion = 10.0.40219.1
Project("{8BC9CEB8-8B4A-11D0-8D11-00A0C91BC942}") = "c-plus-plus", "c-plus-plus\c-plus-plus.vcxproj", "{01064159-FF4D-4F3C-AB63-45E93B4EA24C}"
EndProject
Project("{8BC9CEB8-8B4A-11D0-8D11-00A0C91BC942}") = "quiz", "quiz\quiz.vcxproj", "{A957F949-9C9A-4EF1-99C6-936DFAC5954D}"
EndProject
Project("{8BC9CEB8-8B4A-11D0-8D11-00A0C91BC942}") = "collections", "Project1\Project1.vcxproj", "{49E3873E-EABE-486E-9BD1-3E7EBD4985F4}"
EndProject
Project("{8BC9CEB8-8B4A-11D0-8D11-00A0C91BC942}") = "classes", "classes\classes.vcxproj", "{1D39C642-E08E-42A6-B59F-39C4466A3918}"
EndProject
Project("{8BC9CEB8-8B4A-11D0-8D11-00A0C91BC942}") = "cli", "cli\cli.vcxproj", "{C8D9641E-9E02-4A9E-AB95-071A99ADE5EE}"
EndProject
Global
	GlobalSection(SolutionConfigurationPlatforms) = preSolution
		Debug|x64 = Debug|x64
		Debug|x86 = Debug|x86
		Release|x64 = Release|x64
		Release|x86 = Release|x86
	EndGlobalSection
	GlobalSection(ProjectConfigurationPlatforms) = postSolution
		{01064159-FF4D-4F3C-AB63-45E93B4EA24C}.Debug|x64.ActiveCfg = Debug|x64
		{01064159-FF4D-4F3C-AB63-45E93B4EA24C}.Debug|x64.Build.0 = Debug|x64
		{01064159-FF4D-4F3C-AB63-45E93B4EA24C}.Debug|x86.ActiveCfg = Debug|Win32
		{01064159-FF4D-4F3C-AB63-45E93B4EA24C}.Debug|x86.Build.0 = Debug|Win32
		{01064159-FF4D-4F3C-AB63-45E93B4EA24C}.Release|x64.ActiveCfg = Release|x64
		{01064159-FF4D-4F3C-AB63-45E93B4EA24C}.Release|x64.Build.0 = Release|x64
		{01064159-FF4D-4F3C-AB63-45E93B4EA24C}.Release|x86.ActiveCfg = Release|Win32
		{01064159-FF4D-4F3C-AB63-45E93B4EA24C}.Release|x86.Build.0 = Release|Win32
		{A957F949-9C9A-4EF1-99C6-936DFAC5954D}.Debug|x64.ActiveCfg = Debug|x64
		{A957F949-9C9A-4EF1-99C6-936DFAC5954D}.Debug|x64.Build.0 = Debug|x64
		{A957F949-9C9A-4EF1-99C6-936DFAC5954D}.Debug|x86.ActiveCfg = Debug|Win32
		{A957F949-9C9A-4EF1-99C6-936DFAC5954D}.Debug|x86.Build.0 = Debug|Win32
		{A957F949-9C9A-4EF1-99C6-936DFAC5954D}.Release|x64.ActiveCfg = Release|x64
		{A957F949-9C9A-4EF1-99C6-936DFAC5954D}.Release|x64.Build.0 = Release|x64
		{A957F949-9C9A-4EF1-99C6-936DFAC5954D}.Release|x86.ActiveCfg = Release|Win32
		{A957F949-9C9A-4EF1-99C6-936DFAC5954D}.Release|x86.Build.0 = Release|Win32
		{49E3873E-EABE-486E-9BD1-3E7EBD4985F4}.Debug|x64.ActiveCfg = Debug|x64
		{49E3873E-EABE-486E-9BD1-3E7EBD4985F4}.Debug|x64.Build.0 = Debug|x64
		{49E3873E-EABE-486E-9BD1-3E7EBD4985F4}.Debug|x86.ActiveCfg = Debug|Win32
		{49E3873E-EABE-486E-9BD1-3E7EBD4985F4}.Debug|x86.Build.0 = Debug|Win32
		{49E3873E-EABE-486E-9BD1-3E7EBD4985F4}.Release|x64.ActiveCfg = Release|x64
		{49E3873E-EABE-486E-9BD1-3E7EBD4985F4}.Release|x64.Build.0 = Release|x64
		{49E3873E-EABE-486E-9BD1-3E7EBD4985F4}.Release|x86.ActiveCfg = Release|Win32
		{49E3873E-EABE-486E-9BD1-3E7EBD4985F4}.Release|x86.Build.0 = Release|Win32
		{1D39C642-E08E-42A6-B59F-39C4466A3918}.Debug|x64.ActiveCfg = Debug|x64
		{1D39C642-E08E-42A6-B59F-39C4466A3918}.Debug|x64.Build.0 = Debug|x64
		{1D39C642-E08E-42A6-B59F-39C4466A3918}.Debug|x86.ActiveCfg = Debug|Win32
		{1D39C642-E08E-42A6-B59F-39C4466A3918}.Debug|x86.Build.0 = Debug|Win32
		{1D39C642-E08E-42A6-B59F-39C4466A3918}.Release|x64.ActiveCfg = Release|x64
		{1D39C642-E08E-42A6-B59F-39C4466A3918}.Release|x64.Build.0 = Release|x64
		{1D39C642-E08E-42A6-B59F-39C4466A3918}.Release|x86.ActiveCfg = Release|Win32
		{1D39C642-E08E-42A6-B59F-39C4466A3918}.Release|x86.Build.0 = Release|Win32
		{C8D9641E-9E02-4A9E-AB95-071A99ADE5EE}.Debug|x64.ActiveCfg = Debug|x64
		{C8D9641E-9E02-4A9E-AB95-071A99ADE5EE}.Debug|x64.Build.0 = Debug|x64
		{C8D9641E-9E02-4A9E-AB95-071A99ADE5EE}.Debug|x86.ActiveCfg = Debug|Win32
		{C8D9641E-9E02-4A9E-AB95-071A99ADE5EE}.Debug|x86.Build.0 = Debug|Win32
		{C8D9641E-9E02-4A9E-AB95-071A99ADE5EE}.Release|x64.ActiveCfg = Release|x64
		{C8D9641E-9E02-4A9E-AB95-071A99ADE5EE}.Release|x64.Build.0 = Release|x64
		{C8D9641E-9E02-4A9E-AB95-071A99ADE5EE}.Release|x86.ActiveCfg = Release|Win32
		{C8D9641E-9E02-4A9E-AB95-071A99ADE5EE}.Release|x86.Build.0 = Release|Win32
	EndGlobalSection
	GlobalSection(SolutionProperties) = preSolution
		HideSolutionNode = FALSE
	EndGlobalSection
EndGlobal
